
Microsoft Visual Studio Solution File, Format Version 12.00
# Visual Studio Version 16
VisualStudioVersion = 16.0.29613.14
MinimumVisualStudioVersion = 10.0.40219.1
Project("{FAE04EC0-301F-11D3-BF4B-00C04F79EFBC}") = "Festival", "Festival.csproj", "{6B0CAA8C-20CE-4A98-9B1A-9072B504B1DB}"
EndProject
Project("{FAE04EC0-301F-11D3-BF4B-00C04F79EFBC}") = "Servidor", "Servidor\Servidor.csproj", "{673E003B-5AE3-4314-9117-1B24389DA244}"
EndProject
Project("{FAE04EC0-301F-11D3-BF4B-00C04F79EFBC}") = "EventoMobile.UWP", "Mobile\EventoMobile\EventoMobile.UWP\EventoMobile.UWP.csproj", "{908DEE26-929C-4C8D-A7DC-AA2991ABFD72}"
EndProject
Project("{FAE04EC0-301F-11D3-BF4B-00C04F79EFBC}") = "EventoMobile.Android", "Mobile\EventoMobile\EventoMobile.Android\EventoMobile.Android.csproj", "{ED6ECE12-BB8F-4C76-AFD9-A0D5546F11B3}"
EndProject
Project("{FAE04EC0-301F-11D3-BF4B-00C04F79EFBC}") = "EventoMobile.iOS", "Mobile\EventoMobile\EventoMobile.iOS\EventoMobile.iOS.csproj", "{B53B1F84-F8D4-4C99-8828-3DF191820C84}"
EndProject
Project("{9A19103F-16F7-4668-BE54-9A1E7A4F7556}") = "EventoMobile", "Mobile\EventoMobile\EventoMobile\EventoMobile.csproj", "{FE93A8A1-6A77-4390-884D-DC5B650B085E}"
EndProject
Global
	GlobalSection(SolutionConfigurationPlatforms) = preSolution
		Debug|Any CPU = Debug|Any CPU
		Debug|ARM = Debug|ARM
		Debug|iPhone = Debug|iPhone
		Debug|iPhoneSimulator = Debug|iPhoneSimulator
		Debug|x64 = Debug|x64
		Debug|x86 = Debug|x86
		Release|Any CPU = Release|Any CPU
		Release|ARM = Release|ARM
		Release|iPhone = Release|iPhone
		Release|iPhoneSimulator = Release|iPhoneSimulator
		Release|x64 = Release|x64
		Release|x86 = Release|x86
		Testes|Any CPU = Testes|Any CPU
		Testes|ARM = Testes|ARM
		Testes|iPhone = Testes|iPhone
		Testes|iPhoneSimulator = Testes|iPhoneSimulator
		Testes|x64 = Testes|x64
		Testes|x86 = Testes|x86
	EndGlobalSection
	GlobalSection(ProjectConfigurationPlatforms) = postSolution
		{6B0CAA8C-20CE-4A98-9B1A-9072B504B1DB}.Debug|Any CPU.ActiveCfg = Release|Any CPU
		{6B0CAA8C-20CE-4A98-9B1A-9072B504B1DB}.Debug|Any CPU.Build.0 = Release|Any CPU
		{6B0CAA8C-20CE-4A98-9B1A-9072B504B1DB}.Debug|ARM.ActiveCfg = Debug|Any CPU
		{6B0CAA8C-20CE-4A98-9B1A-9072B504B1DB}.Debug|ARM.Build.0 = Debug|Any CPU
		{6B0CAA8C-20CE-4A98-9B1A-9072B504B1DB}.Debug|iPhone.ActiveCfg = Debug|Any CPU
		{6B0CAA8C-20CE-4A98-9B1A-9072B504B1DB}.Debug|iPhone.Build.0 = Debug|Any CPU
		{6B0CAA8C-20CE-4A98-9B1A-9072B504B1DB}.Debug|iPhoneSimulator.ActiveCfg = Debug|Any CPU
		{6B0CAA8C-20CE-4A98-9B1A-9072B504B1DB}.Debug|iPhoneSimulator.Build.0 = Debug|Any CPU
		{6B0CAA8C-20CE-4A98-9B1A-9072B504B1DB}.Debug|x64.ActiveCfg = Debug|Any CPU
		{6B0CAA8C-20CE-4A98-9B1A-9072B504B1DB}.Debug|x64.Build.0 = Debug|Any CPU
		{6B0CAA8C-20CE-4A98-9B1A-9072B504B1DB}.Debug|x86.ActiveCfg = Debug|Any CPU
		{6B0CAA8C-20CE-4A98-9B1A-9072B504B1DB}.Debug|x86.Build.0 = Debug|Any CPU
		{6B0CAA8C-20CE-4A98-9B1A-9072B504B1DB}.Release|Any CPU.ActiveCfg = Release|Any CPU
		{6B0CAA8C-20CE-4A98-9B1A-9072B504B1DB}.Release|Any CPU.Build.0 = Release|Any CPU
		{6B0CAA8C-20CE-4A98-9B1A-9072B504B1DB}.Release|ARM.ActiveCfg = Release|Any CPU
		{6B0CAA8C-20CE-4A98-9B1A-9072B504B1DB}.Release|ARM.Build.0 = Release|Any CPU
		{6B0CAA8C-20CE-4A98-9B1A-9072B504B1DB}.Release|iPhone.ActiveCfg = Release|Any CPU
		{6B0CAA8C-20CE-4A98-9B1A-9072B504B1DB}.Release|iPhone.Build.0 = Release|Any CPU
		{6B0CAA8C-20CE-4A98-9B1A-9072B504B1DB}.Release|iPhoneSimulator.ActiveCfg = Release|Any CPU
		{6B0CAA8C-20CE-4A98-9B1A-9072B504B1DB}.Release|iPhoneSimulator.Build.0 = Release|Any CPU
		{6B0CAA8C-20CE-4A98-9B1A-9072B504B1DB}.Release|x64.ActiveCfg = Release|Any CPU
		{6B0CAA8C-20CE-4A98-9B1A-9072B504B1DB}.Release|x64.Build.0 = Release|Any CPU
		{6B0CAA8C-20CE-4A98-9B1A-9072B504B1DB}.Release|x86.ActiveCfg = Release|Any CPU
		{6B0CAA8C-20CE-4A98-9B1A-9072B504B1DB}.Release|x86.Build.0 = Release|Any CPU
		{6B0CAA8C-20CE-4A98-9B1A-9072B504B1DB}.Testes|Any CPU.ActiveCfg = Testes|Any CPU
		{6B0CAA8C-20CE-4A98-9B1A-9072B504B1DB}.Testes|Any CPU.Build.0 = Testes|Any CPU
		{6B0CAA8C-20CE-4A98-9B1A-9072B504B1DB}.Testes|ARM.ActiveCfg = Testes|Any CPU
		{6B0CAA8C-20CE-4A98-9B1A-9072B504B1DB}.Testes|ARM.Build.0 = Testes|Any CPU
		{6B0CAA8C-20CE-4A98-9B1A-9072B504B1DB}.Testes|iPhone.ActiveCfg = Testes|Any CPU
		{6B0CAA8C-20CE-4A98-9B1A-9072B504B1DB}.Testes|iPhone.Build.0 = Testes|Any CPU
		{6B0CAA8C-20CE-4A98-9B1A-9072B504B1DB}.Testes|iPhoneSimulator.ActiveCfg = Testes|Any CPU
		{6B0CAA8C-20CE-4A98-9B1A-9072B504B1DB}.Testes|iPhoneSimulator.Build.0 = Testes|Any CPU
		{6B0CAA8C-20CE-4A98-9B1A-9072B504B1DB}.Testes|x64.ActiveCfg = Testes|Any CPU
		{6B0CAA8C-20CE-4A98-9B1A-9072B504B1DB}.Testes|x64.Build.0 = Testes|Any CPU
		{6B0CAA8C-20CE-4A98-9B1A-9072B504B1DB}.Testes|x86.ActiveCfg = Testes|Any CPU
		{6B0CAA8C-20CE-4A98-9B1A-9072B504B1DB}.Testes|x86.Build.0 = Testes|Any CPU
		{673E003B-5AE3-4314-9117-1B24389DA244}.Debug|Any CPU.ActiveCfg = Debug|Any CPU
		{673E003B-5AE3-4314-9117-1B24389DA244}.Debug|Any CPU.Build.0 = Debug|Any CPU
		{673E003B-5AE3-4314-9117-1B24389DA244}.Debug|ARM.ActiveCfg = Debug|Any CPU
		{673E003B-5AE3-4314-9117-1B24389DA244}.Debug|ARM.Build.0 = Debug|Any CPU
		{673E003B-5AE3-4314-9117-1B24389DA244}.Debug|iPhone.ActiveCfg = Debug|Any CPU
		{673E003B-5AE3-4314-9117-1B24389DA244}.Debug|iPhone.Build.0 = Debug|Any CPU
		{673E003B-5AE3-4314-9117-1B24389DA244}.Debug|iPhoneSimulator.ActiveCfg = Debug|Any CPU
		{673E003B-5AE3-4314-9117-1B24389DA244}.Debug|iPhoneSimulator.Build.0 = Debug|Any CPU
		{673E003B-5AE3-4314-9117-1B24389DA244}.Debug|x64.ActiveCfg = Debug|Any CPU
		{673E003B-5AE3-4314-9117-1B24389DA244}.Debug|x64.Build.0 = Debug|Any CPU
		{673E003B-5AE3-4314-9117-1B24389DA244}.Debug|x86.ActiveCfg = Debug|Any CPU
		{673E003B-5AE3-4314-9117-1B24389DA244}.Debug|x86.Build.0 = Debug|Any CPU
		{673E003B-5AE3-4314-9117-1B24389DA244}.Release|Any CPU.ActiveCfg = Release|Any CPU
		{673E003B-5AE3-4314-9117-1B24389DA244}.Release|Any CPU.Build.0 = Release|Any CPU
		{673E003B-5AE3-4314-9117-1B24389DA244}.Release|ARM.ActiveCfg = Release|Any CPU
		{673E003B-5AE3-4314-9117-1B24389DA244}.Release|ARM.Build.0 = Release|Any CPU
		{673E003B-5AE3-4314-9117-1B24389DA244}.Release|iPhone.ActiveCfg = Release|Any CPU
		{673E003B-5AE3-4314-9117-1B24389DA244}.Release|iPhone.Build.0 = Release|Any CPU
		{673E003B-5AE3-4314-9117-1B24389DA244}.Release|iPhoneSimulator.ActiveCfg = Release|Any CPU
		{673E003B-5AE3-4314-9117-1B24389DA244}.Release|iPhoneSimulator.Build.0 = Release|Any CPU
		{673E003B-5AE3-4314-9117-1B24389DA244}.Release|x64.ActiveCfg = Release|Any CPU
		{673E003B-5AE3-4314-9117-1B24389DA244}.Release|x64.Build.0 = Release|Any CPU
		{673E003B-5AE3-4314-9117-1B24389DA244}.Release|x86.ActiveCfg = Release|Any CPU
		{673E003B-5AE3-4314-9117-1B24389DA244}.Release|x86.Build.0 = Release|Any CPU
		{673E003B-5AE3-4314-9117-1B24389DA244}.Testes|Any CPU.ActiveCfg = Testes|Any CPU
		{673E003B-5AE3-4314-9117-1B24389DA244}.Testes|Any CPU.Build.0 = Testes|Any CPU
		{673E003B-5AE3-4314-9117-1B24389DA244}.Testes|ARM.ActiveCfg = Testes|Any CPU
		{673E003B-5AE3-4314-9117-1B24389DA244}.Testes|ARM.Build.0 = Testes|Any CPU
		{673E003B-5AE3-4314-9117-1B24389DA244}.Testes|iPhone.ActiveCfg = Testes|Any CPU
		{673E003B-5AE3-4314-9117-1B24389DA244}.Testes|iPhone.Build.0 = Testes|Any CPU
		{673E003B-5AE3-4314-9117-1B24389DA244}.Testes|iPhoneSimulator.ActiveCfg = Testes|Any CPU
		{673E003B-5AE3-4314-9117-1B24389DA244}.Testes|iPhoneSimulator.Build.0 = Testes|Any CPU
		{673E003B-5AE3-4314-9117-1B24389DA244}.Testes|x64.ActiveCfg = Testes|Any CPU
		{673E003B-5AE3-4314-9117-1B24389DA244}.Testes|x64.Build.0 = Testes|Any CPU
		{673E003B-5AE3-4314-9117-1B24389DA244}.Testes|x86.ActiveCfg = Testes|Any CPU
		{673E003B-5AE3-4314-9117-1B24389DA244}.Testes|x86.Build.0 = Testes|Any CPU
		{908DEE26-929C-4C8D-A7DC-AA2991ABFD72}.Debug|Any CPU.ActiveCfg = Debug|x86
		{908DEE26-929C-4C8D-A7DC-AA2991ABFD72}.Debug|ARM.ActiveCfg = Debug|ARM
		{908DEE26-929C-4C8D-A7DC-AA2991ABFD72}.Debug|ARM.Build.0 = Debug|ARM
		{908DEE26-929C-4C8D-A7DC-AA2991ABFD72}.Debug|ARM.Deploy.0 = Debug|ARM
		{908DEE26-929C-4C8D-A7DC-AA2991ABFD72}.Debug|iPhone.ActiveCfg = Debug|x86
		{908DEE26-929C-4C8D-A7DC-AA2991ABFD72}.Debug|iPhoneSimulator.ActiveCfg = Debug|x86
		{908DEE26-929C-4C8D-A7DC-AA2991ABFD72}.Debug|x64.ActiveCfg = Debug|x64
		{908DEE26-929C-4C8D-A7DC-AA2991ABFD72}.Debug|x64.Build.0 = Debug|x64
		{908DEE26-929C-4C8D-A7DC-AA2991ABFD72}.Debug|x64.Deploy.0 = Debug|x64
		{908DEE26-929C-4C8D-A7DC-AA2991ABFD72}.Debug|x86.ActiveCfg = Debug|x86
		{908DEE26-929C-4C8D-A7DC-AA2991ABFD72}.Debug|x86.Build.0 = Debug|x86
		{908DEE26-929C-4C8D-A7DC-AA2991ABFD72}.Debug|x86.Deploy.0 = Debug|x86
		{908DEE26-929C-4C8D-A7DC-AA2991ABFD72}.Release|Any CPU.ActiveCfg = Release|x86
		{908DEE26-929C-4C8D-A7DC-AA2991ABFD72}.Release|ARM.ActiveCfg = Release|ARM
		{908DEE26-929C-4C8D-A7DC-AA2991ABFD72}.Release|ARM.Build.0 = Release|ARM
		{908DEE26-929C-4C8D-A7DC-AA2991ABFD72}.Release|ARM.Deploy.0 = Release|ARM
		{908DEE26-929C-4C8D-A7DC-AA2991ABFD72}.Release|iPhone.ActiveCfg = Release|x86
		{908DEE26-929C-4C8D-A7DC-AA2991ABFD72}.Release|iPhoneSimulator.ActiveCfg = Release|x86
		{908DEE26-929C-4C8D-A7DC-AA2991ABFD72}.Release|x64.ActiveCfg = Release|x64
		{908DEE26-929C-4C8D-A7DC-AA2991ABFD72}.Release|x64.Build.0 = Release|x64
		{908DEE26-929C-4C8D-A7DC-AA2991ABFD72}.Release|x64.Deploy.0 = Release|x64
		{908DEE26-929C-4C8D-A7DC-AA2991ABFD72}.Release|x86.ActiveCfg = Release|x86
		{908DEE26-929C-4C8D-A7DC-AA2991ABFD72}.Release|x86.Build.0 = Release|x86
		{908DEE26-929C-4C8D-A7DC-AA2991ABFD72}.Release|x86.Deploy.0 = Release|x86
		{908DEE26-929C-4C8D-A7DC-AA2991ABFD72}.Testes|Any CPU.ActiveCfg = Testes|x86
		{908DEE26-929C-4C8D-A7DC-AA2991ABFD72}.Testes|ARM.ActiveCfg = Testes|ARM
		{908DEE26-929C-4C8D-A7DC-AA2991ABFD72}.Testes|ARM.Build.0 = Testes|ARM
		{908DEE26-929C-4C8D-A7DC-AA2991ABFD72}.Testes|ARM.Deploy.0 = Testes|ARM
		{908DEE26-929C-4C8D-A7DC-AA2991ABFD72}.Testes|iPhone.ActiveCfg = Testes|x86
		{908DEE26-929C-4C8D-A7DC-AA2991ABFD72}.Testes|iPhoneSimulator.ActiveCfg = Testes|x86
		{908DEE26-929C-4C8D-A7DC-AA2991ABFD72}.Testes|x64.ActiveCfg = Testes|x64
		{908DEE26-929C-4C8D-A7DC-AA2991ABFD72}.Testes|x64.Build.0 = Testes|x64
		{908DEE26-929C-4C8D-A7DC-AA2991ABFD72}.Testes|x64.Deploy.0 = Testes|x64
		{908DEE26-929C-4C8D-A7DC-AA2991ABFD72}.Testes|x86.ActiveCfg = Testes|x86
		{908DEE26-929C-4C8D-A7DC-AA2991ABFD72}.Testes|x86.Build.0 = Testes|x86
		{908DEE26-929C-4C8D-A7DC-AA2991ABFD72}.Testes|x86.Deploy.0 = Testes|x86
		{ED6ECE12-BB8F-4C76-AFD9-A0D5546F11B3}.Debug|Any CPU.ActiveCfg = Debug|Any CPU
		{ED6ECE12-BB8F-4C76-AFD9-A0D5546F11B3}.Debug|Any CPU.Build.0 = Debug|Any CPU
		{ED6ECE12-BB8F-4C76-AFD9-A0D5546F11B3}.Debug|Any CPU.Deploy.0 = Debug|Any CPU
		{ED6ECE12-BB8F-4C76-AFD9-A0D5546F11B3}.Debug|ARM.ActiveCfg = Debug|Any CPU
		{ED6ECE12-BB8F-4C76-AFD9-A0D5546F11B3}.Debug|ARM.Build.0 = Debug|Any CPU
		{ED6ECE12-BB8F-4C76-AFD9-A0D5546F11B3}.Debug|ARM.Deploy.0 = Debug|Any CPU
		{ED6ECE12-BB8F-4C76-AFD9-A0D5546F11B3}.Debug|iPhone.ActiveCfg = Debug|Any CPU
		{ED6ECE12-BB8F-4C76-AFD9-A0D5546F11B3}.Debug|iPhone.Build.0 = Debug|Any CPU
		{ED6ECE12-BB8F-4C76-AFD9-A0D5546F11B3}.Debug|iPhone.Deploy.0 = Debug|Any CPU
		{ED6ECE12-BB8F-4C76-AFD9-A0D5546F11B3}.Debug|iPhoneSimulator.ActiveCfg = Debug|Any CPU
		{ED6ECE12-BB8F-4C76-AFD9-A0D5546F11B3}.Debug|iPhoneSimulator.Build.0 = Debug|Any CPU
		{ED6ECE12-BB8F-4C76-AFD9-A0D5546F11B3}.Debug|iPhoneSimulator.Deploy.0 = Debug|Any CPU
		{ED6ECE12-BB8F-4C76-AFD9-A0D5546F11B3}.Debug|x64.ActiveCfg = Debug|Any CPU
		{ED6ECE12-BB8F-4C76-AFD9-A0D5546F11B3}.Debug|x64.Build.0 = Debug|Any CPU
		{ED6ECE12-BB8F-4C76-AFD9-A0D5546F11B3}.Debug|x64.Deploy.0 = Debug|Any CPU
		{ED6ECE12-BB8F-4C76-AFD9-A0D5546F11B3}.Debug|x86.ActiveCfg = Debug|Any CPU
		{ED6ECE12-BB8F-4C76-AFD9-A0D5546F11B3}.Debug|x86.Build.0 = Debug|Any CPU
		{ED6ECE12-BB8F-4C76-AFD9-A0D5546F11B3}.Debug|x86.Deploy.0 = Debug|Any CPU
		{ED6ECE12-BB8F-4C76-AFD9-A0D5546F11B3}.Release|Any CPU.ActiveCfg = Release|Any CPU
		{ED6ECE12-BB8F-4C76-AFD9-A0D5546F11B3}.Release|ARM.ActiveCfg = Release|Any CPU
		{ED6ECE12-BB8F-4C76-AFD9-A0D5546F11B3}.Release|ARM.Build.0 = Release|Any CPU
		{ED6ECE12-BB8F-4C76-AFD9-A0D5546F11B3}.Release|ARM.Deploy.0 = Release|Any CPU
		{ED6ECE12-BB8F-4C76-AFD9-A0D5546F11B3}.Release|iPhone.ActiveCfg = Release|Any CPU
		{ED6ECE12-BB8F-4C76-AFD9-A0D5546F11B3}.Release|iPhone.Build.0 = Release|Any CPU
		{ED6ECE12-BB8F-4C76-AFD9-A0D5546F11B3}.Release|iPhone.Deploy.0 = Release|Any CPU
		{ED6ECE12-BB8F-4C76-AFD9-A0D5546F11B3}.Release|iPhoneSimulator.ActiveCfg = Release|Any CPU
		{ED6ECE12-BB8F-4C76-AFD9-A0D5546F11B3}.Release|iPhoneSimulator.Build.0 = Release|Any CPU
		{ED6ECE12-BB8F-4C76-AFD9-A0D5546F11B3}.Release|iPhoneSimulator.Deploy.0 = Release|Any CPU
		{ED6ECE12-BB8F-4C76-AFD9-A0D5546F11B3}.Release|x64.ActiveCfg = Release|Any CPU
		{ED6ECE12-BB8F-4C76-AFD9-A0D5546F11B3}.Release|x64.Build.0 = Release|Any CPU
		{ED6ECE12-BB8F-4C76-AFD9-A0D5546F11B3}.Release|x64.Deploy.0 = Release|Any CPU
		{ED6ECE12-BB8F-4C76-AFD9-A0D5546F11B3}.Release|x86.ActiveCfg = Debug|Any CPU
		{ED6ECE12-BB8F-4C76-AFD9-A0D5546F11B3}.Release|x86.Build.0 = Debug|Any CPU
		{ED6ECE12-BB8F-4C76-AFD9-A0D5546F11B3}.Release|x86.Deploy.0 = Debug|Any CPU
		{ED6ECE12-BB8F-4C76-AFD9-A0D5546F11B3}.Testes|Any CPU.ActiveCfg = Testes|Any CPU
		{ED6ECE12-BB8F-4C76-AFD9-A0D5546F11B3}.Testes|Any CPU.Build.0 = Testes|Any CPU
		{ED6ECE12-BB8F-4C76-AFD9-A0D5546F11B3}.Testes|Any CPU.Deploy.0 = Testes|Any CPU
		{ED6ECE12-BB8F-4C76-AFD9-A0D5546F11B3}.Testes|ARM.ActiveCfg = Testes|Any CPU
		{ED6ECE12-BB8F-4C76-AFD9-A0D5546F11B3}.Testes|ARM.Build.0 = Testes|Any CPU
		{ED6ECE12-BB8F-4C76-AFD9-A0D5546F11B3}.Testes|ARM.Deploy.0 = Testes|Any CPU
		{ED6ECE12-BB8F-4C76-AFD9-A0D5546F11B3}.Testes|iPhone.ActiveCfg = Testes|Any CPU
		{ED6ECE12-BB8F-4C76-AFD9-A0D5546F11B3}.Testes|iPhone.Build.0 = Testes|Any CPU
		{ED6ECE12-BB8F-4C76-AFD9-A0D5546F11B3}.Testes|iPhone.Deploy.0 = Testes|Any CPU
		{ED6ECE12-BB8F-4C76-AFD9-A0D5546F11B3}.Testes|iPhoneSimulator.ActiveCfg = Testes|Any CPU
		{ED6ECE12-BB8F-4C76-AFD9-A0D5546F11B3}.Testes|iPhoneSimulator.Build.0 = Testes|Any CPU
		{ED6ECE12-BB8F-4C76-AFD9-A0D5546F11B3}.Testes|iPhoneSimulator.Deploy.0 = Testes|Any CPU
		{ED6ECE12-BB8F-4C76-AFD9-A0D5546F11B3}.Testes|x64.ActiveCfg = Testes|Any CPU
		{ED6ECE12-BB8F-4C76-AFD9-A0D5546F11B3}.Testes|x64.Build.0 = Testes|Any CPU
		{ED6ECE12-BB8F-4C76-AFD9-A0D5546F11B3}.Testes|x64.Deploy.0 = Testes|Any CPU
		{ED6ECE12-BB8F-4C76-AFD9-A0D5546F11B3}.Testes|x86.ActiveCfg = Testes|Any CPU
		{B53B1F84-F8D4-4C99-8828-3DF191820C84}.Debug|Any CPU.ActiveCfg = Debug|iPhone
		{B53B1F84-F8D4-4C99-8828-3DF191820C84}.Debug|ARM.ActiveCfg = Debug|iPhone
		{B53B1F84-F8D4-4C99-8828-3DF191820C84}.Debug|iPhone.ActiveCfg = Debug|iPhone
		{B53B1F84-F8D4-4C99-8828-3DF191820C84}.Debug|iPhone.Build.0 = Debug|iPhone
		{B53B1F84-F8D4-4C99-8828-3DF191820C84}.Debug|iPhoneSimulator.ActiveCfg = Debug|iPhoneSimulator
		{B53B1F84-F8D4-4C99-8828-3DF191820C84}.Debug|iPhoneSimulator.Build.0 = Debug|iPhoneSimulator
		{B53B1F84-F8D4-4C99-8828-3DF191820C84}.Debug|x64.ActiveCfg = Debug|iPhone
		{B53B1F84-F8D4-4C99-8828-3DF191820C84}.Debug|x86.ActiveCfg = Debug|iPhone
		{B53B1F84-F8D4-4C99-8828-3DF191820C84}.Release|Any CPU.ActiveCfg = Release|iPhone
		{B53B1F84-F8D4-4C99-8828-3DF191820C84}.Release|ARM.ActiveCfg = Release|iPhone
		{B53B1F84-F8D4-4C99-8828-3DF191820C84}.Release|iPhone.ActiveCfg = Release|iPhone
		{B53B1F84-F8D4-4C99-8828-3DF191820C84}.Release|iPhone.Build.0 = Release|iPhone
		{B53B1F84-F8D4-4C99-8828-3DF191820C84}.Release|iPhoneSimulator.ActiveCfg = Release|iPhoneSimulator
		{B53B1F84-F8D4-4C99-8828-3DF191820C84}.Release|iPhoneSimulator.Build.0 = Release|iPhoneSimulator
		{B53B1F84-F8D4-4C99-8828-3DF191820C84}.Release|x64.ActiveCfg = Release|iPhone
		{B53B1F84-F8D4-4C99-8828-3DF191820C84}.Release|x86.ActiveCfg = Debug|iPhone
		{B53B1F84-F8D4-4C99-8828-3DF191820C84}.Testes|Any CPU.ActiveCfg = Testes|iPhone
		{B53B1F84-F8D4-4C99-8828-3DF191820C84}.Testes|ARM.ActiveCfg = Testes|iPhone
		{B53B1F84-F8D4-4C99-8828-3DF191820C84}.Testes|iPhone.ActiveCfg = Testes|iPhone
		{B53B1F84-F8D4-4C99-8828-3DF191820C84}.Testes|iPhoneSimulator.ActiveCfg = Testes|iPhoneSimulator
		{B53B1F84-F8D4-4C99-8828-3DF191820C84}.Testes|x64.ActiveCfg = Testes|iPhone
		{B53B1F84-F8D4-4C99-8828-3DF191820C84}.Testes|x86.ActiveCfg = Testes|iPhone
		{FE93A8A1-6A77-4390-884D-DC5B650B085E}.Debug|Any CPU.ActiveCfg = Debug|Any CPU
		{FE93A8A1-6A77-4390-884D-DC5B650B085E}.Debug|Any CPU.Build.0 = Debug|Any CPU
		{FE93A8A1-6A77-4390-884D-DC5B650B085E}.Debug|ARM.ActiveCfg = Debug|Any CPU
		{FE93A8A1-6A77-4390-884D-DC5B650B085E}.Debug|ARM.Build.0 = Debug|Any CPU
		{FE93A8A1-6A77-4390-884D-DC5B650B085E}.Debug|iPhone.ActiveCfg = Debug|Any CPU
		{FE93A8A1-6A77-4390-884D-DC5B650B085E}.Debug|iPhone.Build.0 = Debug|Any CPU
		{FE93A8A1-6A77-4390-884D-DC5B650B085E}.Debug|iPhoneSimulator.ActiveCfg = Debug|Any CPU
		{FE93A8A1-6A77-4390-884D-DC5B650B085E}.Debug|iPhoneSimulator.Build.0 = Debug|Any CPU
		{FE93A8A1-6A77-4390-884D-DC5B650B085E}.Debug|x64.ActiveCfg = Debug|Any CPU
		{FE93A8A1-6A77-4390-884D-DC5B650B085E}.Debug|x64.Build.0 = Debug|Any CPU
		{FE93A8A1-6A77-4390-884D-DC5B650B085E}.Debug|x86.ActiveCfg = Debug|Any CPU
		{FE93A8A1-6A77-4390-884D-DC5B650B085E}.Debug|x86.Build.0 = Debug|Any CPU
		{FE93A8A1-6A77-4390-884D-DC5B650B085E}.Release|Any CPU.ActiveCfg = Debug|Any CPU
		{FE93A8A1-6A77-4390-884D-DC5B650B085E}.Release|Any CPU.Build.0 = Debug|Any CPU
		{FE93A8A1-6A77-4390-884D-DC5B650B085E}.Release|ARM.ActiveCfg = Release|Any CPU
		{FE93A8A1-6A77-4390-884D-DC5B650B085E}.Release|ARM.Build.0 = Release|Any CPU
		{FE93A8A1-6A77-4390-884D-DC5B650B085E}.Release|iPhone.ActiveCfg = Release|Any CPU
		{FE93A8A1-6A77-4390-884D-DC5B650B085E}.Release|iPhone.Build.0 = Release|Any CPU
		{FE93A8A1-6A77-4390-884D-DC5B650B085E}.Release|iPhoneSimulator.ActiveCfg = Release|Any CPU
		{FE93A8A1-6A77-4390-884D-DC5B650B085E}.Release|iPhoneSimulator.Build.0 = Release|Any CPU
		{FE93A8A1-6A77-4390-884D-DC5B650B085E}.Release|x64.ActiveCfg = Release|Any CPU
		{FE93A8A1-6A77-4390-884D-DC5B650B085E}.Release|x64.Build.0 = Release|Any CPU
		{FE93A8A1-6A77-4390-884D-DC5B650B085E}.Release|x86.ActiveCfg = Debug|Any CPU
		{FE93A8A1-6A77-4390-884D-DC5B650B085E}.Release|x86.Build.0 = Debug|Any CPU
		{FE93A8A1-6A77-4390-884D-DC5B650B085E}.Testes|Any CPU.ActiveCfg = Testes|Any CPU
		{FE93A8A1-6A77-4390-884D-DC5B650B085E}.Testes|Any CPU.Build.0 = Testes|Any CPU
		{FE93A8A1-6A77-4390-884D-DC5B650B085E}.Testes|ARM.ActiveCfg = Testes|Any CPU
		{FE93A8A1-6A77-4390-884D-DC5B650B085E}.Testes|ARM.Build.0 = Testes|Any CPU
		{FE93A8A1-6A77-4390-884D-DC5B650B085E}.Testes|iPhone.ActiveCfg = Testes|Any CPU
		{FE93A8A1-6A77-4390-884D-DC5B650B085E}.Testes|iPhone.Build.0 = Testes|Any CPU
		{FE93A8A1-6A77-4390-884D-DC5B650B085E}.Testes|iPhoneSimulator.ActiveCfg = Testes|Any CPU
		{FE93A8A1-6A77-4390-884D-DC5B650B085E}.Testes|iPhoneSimulator.Build.0 = Testes|Any CPU
		{FE93A8A1-6A77-4390-884D-DC5B650B085E}.Testes|x64.ActiveCfg = Testes|Any CPU
		{FE93A8A1-6A77-4390-884D-DC5B650B085E}.Testes|x64.Build.0 = Testes|Any CPU
		{FE93A8A1-6A77-4390-884D-DC5B650B085E}.Testes|x86.ActiveCfg = Testes|Any CPU
		{FE93A8A1-6A77-4390-884D-DC5B650B085E}.Testes|x86.Build.0 = Testes|Any CPU
	EndGlobalSection
	GlobalSection(SolutionProperties) = preSolution
		HideSolutionNode = FALSE
	EndGlobalSection
	GlobalSection(ExtensibilityGlobals) = postSolution
		SolutionGuid = {EA352635-899C-4334-8BD7-B649751F9201}
	EndGlobalSection
EndGlobal
